
Microsoft Visual Studio Solution File, Format Version 12.00
# Visual Studio Version 16
VisualStudioVersion = 16.0.29911.84
MinimumVisualStudioVersion = 10.0.40219.1
Project("{FAE04EC0-301F-11D3-BF4B-00C04F79EFBC}") = "PictureLab2", "PictureLab2\PictureLab2.csproj", "{707860AF-7882-40B2-9775-28045F27972C}"
EndProject
Global
	GlobalSection(SolutionConfigurationPlatforms) = preSolution
		Debug|Any CPU = Debug|Any CPU
		Release|Any CPU = Release|Any CPU
	EndGlobalSection
	GlobalSection(ProjectConfigurationPlatforms) = postSolution
		{707860AF-7882-40B2-9775-28045F27972C}.Debug|Any CPU.ActiveCfg = Debug|Any CPU
		{707860AF-7882-40B2-9775-28045F27972C}.Debug|Any CPU.Build.0 = Debug|Any CPU
		{707860AF-7882-40B2-9775-28045F27972C}.Release|Any CPU.ActiveCfg = Release|Any CPU
		{707860AF-7882-40B2-9775-28045F27972C}.Release|Any CPU.Build.0 = Release|Any CPU
	EndGlobalSection
	GlobalSection(SolutionProperties) = preSolution
		HideSolutionNode = FALSE
	EndGlobalSection
	GlobalSection(ExtensibilityGlobals) = postSolution
		SolutionGuid = {A38028C6-4AEA-4D47-8A76-3908B7DB2115}
	EndGlobalSection
EndGlobal
